// !$*UTF8*$!
{
	archiveVersion = 1;
	classes = {
	};
	objectVersion = 46;
	objects = {

/* Begin PBXBuildFile section */
		320AB8DE1D3193A200142419 /* MVAuthViewController.swift in Sources */ = {isa = PBXBuildFile; fileRef = 320AB8DD1D3193A200142419 /* MVAuthViewController.swift */; };
		320AB8E11D3491BA00142419 /* LoginViewController.swift in Sources */ = {isa = PBXBuildFile; fileRef = 320AB8E01D3491BA00142419 /* LoginViewController.swift */; };
		320AB8E81D3492FF00142419 /* Movie.swift in Sources */ = {isa = PBXBuildFile; fileRef = 320AB8E71D3492FF00142419 /* Movie.swift */; };
		320AB8EA1D34940700142419 /* WatchListViewController.swift in Sources */ = {isa = PBXBuildFile; fileRef = 320AB8E91D34940700142419 /* WatchListViewController.swift */; };
		320AB8EC1D3AD9E100142419 /* MoviePickerViewController.swift in Sources */ = {isa = PBXBuildFile; fileRef = 320AB8EB1D3AD9E100142419 /* MoviePickerViewController.swift */; };
		320AB8F81D4401A300142419 /* WatchListTableViewCell.swift in Sources */ = {isa = PBXBuildFile; fileRef = 320AB8F71D4401A300142419 /* WatchListTableViewCell.swift */; };
		320AB8FA1D44F5FE00142419 /* WatchedListViewController.swift in Sources */ = {isa = PBXBuildFile; fileRef = 320AB8F91D44F5FE00142419 /* WatchedListViewController.swift */; };
		320AB8FC1D44FDB800142419 /* WatchedListTableViewCell.swift in Sources */ = {isa = PBXBuildFile; fileRef = 320AB8FB1D44FDB800142419 /* WatchedListTableViewCell.swift */; };
		320AB9391D4C546900142419 /* Model.xcdatamodeld in Sources */ = {isa = PBXBuildFile; fileRef = 320AB9371D4C546900142419 /* Model.xcdatamodeld */; };
		320AB93B1D4ECFED00142419 /* CoreDataStackManager.swift in Sources */ = {isa = PBXBuildFile; fileRef = 320AB93A1D4ECFED00142419 /* CoreDataStackManager.swift */; };
		320AB93D1D50375100142419 /* MovieDetailViewController.swift in Sources */ = {isa = PBXBuildFile; fileRef = 320AB93C1D50375100142419 /* MovieDetailViewController.swift */; };
		320AB93F1D50538000142419 /* ProfileViewController.swift in Sources */ = {isa = PBXBuildFile; fileRef = 320AB93E1D50538000142419 /* ProfileViewController.swift */; };
		32B0D75A1D48E6AE0027F146 /* ImageCache.swift in Sources */ = {isa = PBXBuildFile; fileRef = 32B0D7591D48E6AE0027F146 /* ImageCache.swift */; };
		32F70E371D12B7E1002DF8BA /* AppDelegate.swift in Sources */ = {isa = PBXBuildFile; fileRef = 32F70E361D12B7E1002DF8BA /* AppDelegate.swift */; };
		32F70E3C1D12B7E1002DF8BA /* Main.storyboard in Resources */ = {isa = PBXBuildFile; fileRef = 32F70E3A1D12B7E1002DF8BA /* Main.storyboard */; };
		32F70E3E1D12B7E1002DF8BA /* Assets.xcassets in Resources */ = {isa = PBXBuildFile; fileRef = 32F70E3D1D12B7E1002DF8BA /* Assets.xcassets */; };
		32F70E411D12B7E1002DF8BA /* LaunchScreen.storyboard in Resources */ = {isa = PBXBuildFile; fileRef = 32F70E3F1D12B7E1002DF8BA /* LaunchScreen.storyboard */; };
		32F70E4C1D12B7E1002DF8BA /* MovieCheckListTests.swift in Sources */ = {isa = PBXBuildFile; fileRef = 32F70E4B1D12B7E1002DF8BA /* MovieCheckListTests.swift */; };
		32F70E571D12B7E1002DF8BA /* MovieCheckListUITests.swift in Sources */ = {isa = PBXBuildFile; fileRef = 32F70E561D12B7E1002DF8BA /* MovieCheckListUITests.swift */; };
		32F70E691D233F41002DF8BA /* MVClient.swift in Sources */ = {isa = PBXBuildFile; fileRef = 32F70E681D233F41002DF8BA /* MVClient.swift */; };
		32F70E6B1D233F87002DF8BA /* MVConstants.swift in Sources */ = {isa = PBXBuildFile; fileRef = 32F70E6A1D233F87002DF8BA /* MVConstants.swift */; };
		32F70E6D1D233F97002DF8BA /* MVConvenience.swift in Sources */ = {isa = PBXBuildFile; fileRef = 32F70E6C1D233F97002DF8BA /* MVConvenience.swift */; };
		32F70E721D313CBA002DF8BA /* Result.swift in Sources */ = {isa = PBXBuildFile; fileRef = 32F70E711D313CBA002DF8BA /* Result.swift */; };
		32F70E7A1D3140BD002DF8BA /* Error.swift in Sources */ = {isa = PBXBuildFile; fileRef = 32F70E791D3140BD002DF8BA /* Error.swift */; };
/* End PBXBuildFile section */

/* Begin PBXContainerItemProxy section */
		32F70E481D12B7E1002DF8BA /* PBXContainerItemProxy */ = {
			isa = PBXContainerItemProxy;
			containerPortal = 32F70E2B1D12B7E1002DF8BA /* Project object */;
			proxyType = 1;
			remoteGlobalIDString = 32F70E321D12B7E1002DF8BA;
			remoteInfo = MovieCheckList;
		};
		32F70E531D12B7E1002DF8BA /* PBXContainerItemProxy */ = {
			isa = PBXContainerItemProxy;
			containerPortal = 32F70E2B1D12B7E1002DF8BA /* Project object */;
			proxyType = 1;
			remoteGlobalIDString = 32F70E321D12B7E1002DF8BA;
			remoteInfo = MovieCheckList;
		};
/* End PBXContainerItemProxy section */

/* Begin PBXFileReference section */
		320AB8DD1D3193A200142419 /* MVAuthViewController.swift */ = {isa = PBXFileReference; fileEncoding = 4; lastKnownFileType = sourcecode.swift; path = MVAuthViewController.swift; sourceTree = "<group>"; };
		320AB8E01D3491BA00142419 /* LoginViewController.swift */ = {isa = PBXFileReference; fileEncoding = 4; lastKnownFileType = sourcecode.swift; path = LoginViewController.swift; sourceTree = "<group>"; };
		320AB8E71D3492FF00142419 /* Movie.swift */ = {isa = PBXFileReference; fileEncoding = 4; lastKnownFileType = sourcecode.swift; path = Movie.swift; sourceTree = "<group>"; };
		320AB8E91D34940700142419 /* WatchListViewController.swift */ = {isa = PBXFileReference; fileEncoding = 4; lastKnownFileType = sourcecode.swift; path = WatchListViewController.swift; sourceTree = "<group>"; };
		320AB8EB1D3AD9E100142419 /* MoviePickerViewController.swift */ = {isa = PBXFileReference; fileEncoding = 4; lastKnownFileType = sourcecode.swift; path = MoviePickerViewController.swift; sourceTree = "<group>"; };
		320AB8F71D4401A300142419 /* WatchListTableViewCell.swift */ = {isa = PBXFileReference; fileEncoding = 4; lastKnownFileType = sourcecode.swift; path = WatchListTableViewCell.swift; sourceTree = "<group>"; };
		320AB8F91D44F5FE00142419 /* WatchedListViewController.swift */ = {isa = PBXFileReference; fileEncoding = 4; lastKnownFileType = sourcecode.swift; path = WatchedListViewController.swift; sourceTree = "<group>"; };
		320AB8FB1D44FDB800142419 /* WatchedListTableViewCell.swift */ = {isa = PBXFileReference; fileEncoding = 4; lastKnownFileType = sourcecode.swift; path = WatchedListTableViewCell.swift; sourceTree = "<group>"; };
		320AB9381D4C546900142419 /* Model.xcdatamodel */ = {isa = PBXFileReference; lastKnownFileType = wrapper.xcdatamodel; path = Model.xcdatamodel; sourceTree = "<group>"; };
		320AB93A1D4ECFED00142419 /* CoreDataStackManager.swift */ = {isa = PBXFileReference; fileEncoding = 4; lastKnownFileType = sourcecode.swift; path = CoreDataStackManager.swift; sourceTree = "<group>"; };
		320AB93C1D50375100142419 /* MovieDetailViewController.swift */ = {isa = PBXFileReference; fileEncoding = 4; lastKnownFileType = sourcecode.swift; path = MovieDetailViewController.swift; sourceTree = "<group>"; };
		320AB93E1D50538000142419 /* ProfileViewController.swift */ = {isa = PBXFileReference; fileEncoding = 4; lastKnownFileType = sourcecode.swift; path = ProfileViewController.swift; sourceTree = "<group>"; };
		32B0D7591D48E6AE0027F146 /* ImageCache.swift */ = {isa = PBXFileReference; fileEncoding = 4; lastKnownFileType = sourcecode.swift; path = ImageCache.swift; sourceTree = "<group>"; };
		32F70E331D12B7E1002DF8BA /* MovieCheckList.app */ = {isa = PBXFileReference; explicitFileType = wrapper.application; includeInIndex = 0; path = MovieCheckList.app; sourceTree = BUILT_PRODUCTS_DIR; };
		32F70E361D12B7E1002DF8BA /* AppDelegate.swift */ = {isa = PBXFileReference; lastKnownFileType = sourcecode.swift; path = AppDelegate.swift; sourceTree = "<group>"; };
		32F70E3B1D12B7E1002DF8BA /* Base */ = {isa = PBXFileReference; lastKnownFileType = file.storyboard; name = Base; path = Base.lproj/Main.storyboard; sourceTree = "<group>"; };
		32F70E3D1D12B7E1002DF8BA /* Assets.xcassets */ = {isa = PBXFileReference; lastKnownFileType = folder.assetcatalog; path = Assets.xcassets; sourceTree = "<group>"; };
		32F70E401D12B7E1002DF8BA /* Base */ = {isa = PBXFileReference; lastKnownFileType = file.storyboard; name = Base; path = Base.lproj/LaunchScreen.storyboard; sourceTree = "<group>"; };
		32F70E421D12B7E1002DF8BA /* Info.plist */ = {isa = PBXFileReference; lastKnownFileType = text.plist.xml; path = Info.plist; sourceTree = "<group>"; };
		32F70E471D12B7E1002DF8BA /* MovieCheckListTests.xctest */ = {isa = PBXFileReference; explicitFileType = wrapper.cfbundle; includeInIndex = 0; path = MovieCheckListTests.xctest; sourceTree = BUILT_PRODUCTS_DIR; };
		32F70E4B1D12B7E1002DF8BA /* MovieCheckListTests.swift */ = {isa = PBXFileReference; lastKnownFileType = sourcecode.swift; path = MovieCheckListTests.swift; sourceTree = "<group>"; };
		32F70E4D1D12B7E1002DF8BA /* Info.plist */ = {isa = PBXFileReference; lastKnownFileType = text.plist.xml; path = Info.plist; sourceTree = "<group>"; };
		32F70E521D12B7E1002DF8BA /* MovieCheckListUITests.xctest */ = {isa = PBXFileReference; explicitFileType = wrapper.cfbundle; includeInIndex = 0; path = MovieCheckListUITests.xctest; sourceTree = BUILT_PRODUCTS_DIR; };
		32F70E561D12B7E1002DF8BA /* MovieCheckListUITests.swift */ = {isa = PBXFileReference; lastKnownFileType = sourcecode.swift; path = MovieCheckListUITests.swift; sourceTree = "<group>"; };
		32F70E581D12B7E1002DF8BA /* Info.plist */ = {isa = PBXFileReference; lastKnownFileType = text.plist.xml; path = Info.plist; sourceTree = "<group>"; };
		32F70E681D233F41002DF8BA /* MVClient.swift */ = {isa = PBXFileReference; fileEncoding = 4; lastKnownFileType = sourcecode.swift; path = MVClient.swift; sourceTree = "<group>"; };
		32F70E6A1D233F87002DF8BA /* MVConstants.swift */ = {isa = PBXFileReference; fileEncoding = 4; lastKnownFileType = sourcecode.swift; path = MVConstants.swift; sourceTree = "<group>"; };
		32F70E6C1D233F97002DF8BA /* MVConvenience.swift */ = {isa = PBXFileReference; fileEncoding = 4; lastKnownFileType = sourcecode.swift; path = MVConvenience.swift; sourceTree = "<group>"; };
		32F70E711D313CBA002DF8BA /* Result.swift */ = {isa = PBXFileReference; fileEncoding = 4; lastKnownFileType = sourcecode.swift; path = Result.swift; sourceTree = "<group>"; };
		32F70E791D3140BD002DF8BA /* Error.swift */ = {isa = PBXFileReference; fileEncoding = 4; lastKnownFileType = sourcecode.swift; path = Error.swift; sourceTree = "<group>"; };
/* End PBXFileReference section */

/* Begin PBXFrameworksBuildPhase section */
		32F70E301D12B7E1002DF8BA /* Frameworks */ = {
			isa = PBXFrameworksBuildPhase;
			buildActionMask = 2147483647;
			files = (
			);
			runOnlyForDeploymentPostprocessing = 0;
		};
		32F70E441D12B7E1002DF8BA /* Frameworks */ = {
			isa = PBXFrameworksBuildPhase;
			buildActionMask = 2147483647;
			files = (
			);
			runOnlyForDeploymentPostprocessing = 0;
		};
		32F70E4F1D12B7E1002DF8BA /* Frameworks */ = {
			isa = PBXFrameworksBuildPhase;
			buildActionMask = 2147483647;
			files = (
			);
			runOnlyForDeploymentPostprocessing = 0;
		};
/* End PBXFrameworksBuildPhase section */

/* Begin PBXGroup section */
		320AB8DF1D34914900142419 /* Controllers */ = {
			isa = PBXGroup;
			children = (
				320AB8E91D34940700142419 /* WatchListViewController.swift */,
				320AB8F91D44F5FE00142419 /* WatchedListViewController.swift */,
				320AB8EB1D3AD9E100142419 /* MoviePickerViewController.swift */,
				320AB8E01D3491BA00142419 /* LoginViewController.swift */,
				320AB93C1D50375100142419 /* MovieDetailViewController.swift */,
				320AB93E1D50538000142419 /* ProfileViewController.swift */,
			);
			path = Controllers;
			sourceTree = "<group>";
		};
		320AB8E61D3492FF00142419 /* Model */ = {
			isa = PBXGroup;
			children = (
				320AB93A1D4ECFED00142419 /* CoreDataStackManager.swift */,
				320AB8E71D3492FF00142419 /* Movie.swift */,
				320AB9371D4C546900142419 /* Model.xcdatamodeld */,
			);
			path = Model;
			sourceTree = "<group>";
		};
		320AB8F61D44017F00142419 /* Views */ = {
			isa = PBXGroup;
			children = (
				320AB8F71D4401A300142419 /* WatchListTableViewCell.swift */,
				320AB8FB1D44FDB800142419 /* WatchedListTableViewCell.swift */,
			);
			path = Views;
			sourceTree = "<group>";
		};
		32F70E2A1D12B7E1002DF8BA = {
			isa = PBXGroup;
			children = (
				32F70E351D12B7E1002DF8BA /* MovieCheckList */,
				32F70E4A1D12B7E1002DF8BA /* MovieCheckListTests */,
				32F70E551D12B7E1002DF8BA /* MovieCheckListUITests */,
				32F70E341D12B7E1002DF8BA /* Products */,
			);
			sourceTree = "<group>";
		};
		32F70E341D12B7E1002DF8BA /* Products */ = {
			isa = PBXGroup;
			children = (
				32F70E331D12B7E1002DF8BA /* MovieCheckList.app */,
				32F70E471D12B7E1002DF8BA /* MovieCheckListTests.xctest */,
				32F70E521D12B7E1002DF8BA /* MovieCheckListUITests.xctest */,
			);
			name = Products;
			sourceTree = "<group>";
		};
		32F70E351D12B7E1002DF8BA /* MovieCheckList */ = {
			isa = PBXGroup;
			children = (
				32F70E361D12B7E1002DF8BA /* AppDelegate.swift */,
				32F70E671D233F04002DF8BA /* API */,
				320AB8E61D3492FF00142419 /* Model */,
				32F70E781D3140BD002DF8BA /* Error */,
				32F70E701D313CBA002DF8BA /* Result */,
				32F70E3A1D12B7E1002DF8BA /* Main.storyboard */,
				320AB8F61D44017F00142419 /* Views */,
				320AB8DF1D34914900142419 /* Controllers */,
				32F70E3D1D12B7E1002DF8BA /* Assets.xcassets */,
				32F70E3F1D12B7E1002DF8BA /* LaunchScreen.storyboard */,
				32F70E421D12B7E1002DF8BA /* Info.plist */,
			);
			path = MovieCheckList;
			sourceTree = "<group>";
		};
		32F70E4A1D12B7E1002DF8BA /* MovieCheckListTests */ = {
			isa = PBXGroup;
			children = (
				32F70E4B1D12B7E1002DF8BA /* MovieCheckListTests.swift */,
				32F70E4D1D12B7E1002DF8BA /* Info.plist */,
			);
			path = MovieCheckListTests;
			sourceTree = "<group>";
		};
		32F70E551D12B7E1002DF8BA /* MovieCheckListUITests */ = {
			isa = PBXGroup;
			children = (
				32F70E561D12B7E1002DF8BA /* MovieCheckListUITests.swift */,
				32F70E581D12B7E1002DF8BA /* Info.plist */,
			);
			path = MovieCheckListUITests;
			sourceTree = "<group>";
		};
		32F70E671D233F04002DF8BA /* API */ = {
			isa = PBXGroup;
			children = (
				32B0D7591D48E6AE0027F146 /* ImageCache.swift */,
				32F70E681D233F41002DF8BA /* MVClient.swift */,
				32F70E6A1D233F87002DF8BA /* MVConstants.swift */,
				32F70E6C1D233F97002DF8BA /* MVConvenience.swift */,
				320AB8DD1D3193A200142419 /* MVAuthViewController.swift */,
			);
			path = API;
			sourceTree = "<group>";
		};
		32F70E701D313CBA002DF8BA /* Result */ = {
			isa = PBXGroup;
			children = (
				32F70E711D313CBA002DF8BA /* Result.swift */,
			);
			path = Result;
			sourceTree = "<group>";
		};
		32F70E781D3140BD002DF8BA /* Error */ = {
			isa = PBXGroup;
			children = (
				32F70E791D3140BD002DF8BA /* Error.swift */,
			);
			path = Error;
			sourceTree = "<group>";
		};
/* End PBXGroup section */

/* Begin PBXNativeTarget section */
		32F70E321D12B7E1002DF8BA /* MovieCheckList */ = {
			isa = PBXNativeTarget;
			buildConfigurationList = 32F70E5B1D12B7E1002DF8BA /* Build configuration list for PBXNativeTarget "MovieCheckList" */;
			buildPhases = (
				32F70E2F1D12B7E1002DF8BA /* Sources */,
				32F70E301D12B7E1002DF8BA /* Frameworks */,
				32F70E311D12B7E1002DF8BA /* Resources */,
			);
			buildRules = (
			);
			dependencies = (
			);
			name = MovieCheckList;
			productName = MovieCheckList;
			productReference = 32F70E331D12B7E1002DF8BA /* MovieCheckList.app */;
			productType = "com.apple.product-type.application";
		};
		32F70E461D12B7E1002DF8BA /* MovieCheckListTests */ = {
			isa = PBXNativeTarget;
			buildConfigurationList = 32F70E5E1D12B7E1002DF8BA /* Build configuration list for PBXNativeTarget "MovieCheckListTests" */;
			buildPhases = (
				32F70E431D12B7E1002DF8BA /* Sources */,
				32F70E441D12B7E1002DF8BA /* Frameworks */,
				32F70E451D12B7E1002DF8BA /* Resources */,
			);
			buildRules = (
			);
			dependencies = (
				32F70E491D12B7E1002DF8BA /* PBXTargetDependency */,
			);
			name = MovieCheckListTests;
			productName = MovieCheckListTests;
			productReference = 32F70E471D12B7E1002DF8BA /* MovieCheckListTests.xctest */;
			productType = "com.apple.product-type.bundle.unit-test";
		};
		32F70E511D12B7E1002DF8BA /* MovieCheckListUITests */ = {
			isa = PBXNativeTarget;
			buildConfigurationList = 32F70E611D12B7E1002DF8BA /* Build configuration list for PBXNativeTarget "MovieCheckListUITests" */;
			buildPhases = (
				32F70E4E1D12B7E1002DF8BA /* Sources */,
				32F70E4F1D12B7E1002DF8BA /* Frameworks */,
				32F70E501D12B7E1002DF8BA /* Resources */,
			);
			buildRules = (
			);
			dependencies = (
				32F70E541D12B7E1002DF8BA /* PBXTargetDependency */,
			);
			name = MovieCheckListUITests;
			productName = MovieCheckListUITests;
			productReference = 32F70E521D12B7E1002DF8BA /* MovieCheckListUITests.xctest */;
			productType = "com.apple.product-type.bundle.ui-testing";
		};
/* End PBXNativeTarget section */

/* Begin PBXProject section */
		32F70E2B1D12B7E1002DF8BA /* Project object */ = {
			isa = PBXProject;
			attributes = {
				LastSwiftUpdateCheck = 0730;
				LastUpgradeCheck = 0820;
				ORGANIZATIONNAME = "Rahath cherukuri";
				TargetAttributes = {
					32F70E321D12B7E1002DF8BA = {
						CreatedOnToolsVersion = 7.3;
						LastSwiftMigration = 0820;
					};
					32F70E461D12B7E1002DF8BA = {
						CreatedOnToolsVersion = 7.3;
						LastSwiftMigration = 0820;
						TestTargetID = 32F70E321D12B7E1002DF8BA;
					};
					32F70E511D12B7E1002DF8BA = {
						CreatedOnToolsVersion = 7.3;
						LastSwiftMigration = 0820;
						TestTargetID = 32F70E321D12B7E1002DF8BA;
					};
				};
			};
			buildConfigurationList = 32F70E2E1D12B7E1002DF8BA /* Build configuration list for PBXProject "MovieCheckList" */;
			compatibilityVersion = "Xcode 3.2";
			developmentRegion = English;
			hasScannedForEncodings = 0;
			knownRegions = (
				en,
				Base,
			);
			mainGroup = 32F70E2A1D12B7E1002DF8BA;
			productRefGroup = 32F70E341D12B7E1002DF8BA /* Products */;
			projectDirPath = "";
			projectRoot = "";
			targets = (
				32F70E321D12B7E1002DF8BA /* MovieCheckList */,
				32F70E461D12B7E1002DF8BA /* MovieCheckListTests */,
				32F70E511D12B7E1002DF8BA /* MovieCheckListUITests */,
			);
		};
/* End PBXProject section */

/* Begin PBXResourcesBuildPhase section */
		32F70E311D12B7E1002DF8BA /* Resources */ = {
			isa = PBXResourcesBuildPhase;
			buildActionMask = 2147483647;
			files = (
				32F70E411D12B7E1002DF8BA /* LaunchScreen.storyboard in Resources */,
				32F70E3E1D12B7E1002DF8BA /* Assets.xcassets in Resources */,
				32F70E3C1D12B7E1002DF8BA /* Main.storyboard in Resources */,
			);
			runOnlyForDeploymentPostprocessing = 0;
		};
		32F70E451D12B7E1002DF8BA /* Resources */ = {
			isa = PBXResourcesBuildPhase;
			buildActionMask = 2147483647;
			files = (
			);
			runOnlyForDeploymentPostprocessing = 0;
		};
		32F70E501D12B7E1002DF8BA /* Resources */ = {
			isa = PBXResourcesBuildPhase;
			buildActionMask = 2147483647;
			files = (
			);
			runOnlyForDeploymentPostprocessing = 0;
		};
/* End PBXResourcesBuildPhase section */

/* Begin PBXSourcesBuildPhase section */
		32F70E2F1D12B7E1002DF8BA /* Sources */ = {
			isa = PBXSourcesBuildPhase;
			buildActionMask = 2147483647;
			files = (
				32B0D75A1D48E6AE0027F146 /* ImageCache.swift in Sources */,
				32F70E6B1D233F87002DF8BA /* MVConstants.swift in Sources */,
				320AB8EC1D3AD9E100142419 /* MoviePickerViewController.swift in Sources */,
				320AB93B1D4ECFED00142419 /* CoreDataStackManager.swift in Sources */,
				320AB8DE1D3193A200142419 /* MVAuthViewController.swift in Sources */,
				32F70E691D233F41002DF8BA /* MVClient.swift in Sources */,
				32F70E721D313CBA002DF8BA /* Result.swift in Sources */,
				320AB8E81D3492FF00142419 /* Movie.swift in Sources */,
				32F70E371D12B7E1002DF8BA /* AppDelegate.swift in Sources */,
				320AB93F1D50538000142419 /* ProfileViewController.swift in Sources */,
				32F70E7A1D3140BD002DF8BA /* Error.swift in Sources */,
				320AB8FC1D44FDB800142419 /* WatchedListTableViewCell.swift in Sources */,
				320AB8E11D3491BA00142419 /* LoginViewController.swift in Sources */,
				320AB9391D4C546900142419 /* Model.xcdatamodeld in Sources */,
				320AB8FA1D44F5FE00142419 /* WatchedListViewController.swift in Sources */,
				320AB8F81D4401A300142419 /* WatchListTableViewCell.swift in Sources */,
				320AB8EA1D34940700142419 /* WatchListViewController.swift in Sources */,
				320AB93D1D50375100142419 /* MovieDetailViewController.swift in Sources */,
				32F70E6D1D233F97002DF8BA /* MVConvenience.swift in Sources */,
			);
			runOnlyForDeploymentPostprocessing = 0;
		};
		32F70E431D12B7E1002DF8BA /* Sources */ = {
			isa = PBXSourcesBuildPhase;
			buildActionMask = 2147483647;
			files = (
				32F70E4C1D12B7E1002DF8BA /* MovieCheckListTests.swift in Sources */,
			);
			runOnlyForDeploymentPostprocessing = 0;
		};
		32F70E4E1D12B7E1002DF8BA /* Sources */ = {
			isa = PBXSourcesBuildPhase;
			buildActionMask = 2147483647;
			files = (
				32F70E571D12B7E1002DF8BA /* MovieCheckListUITests.swift in Sources */,
			);
			runOnlyForDeploymentPostprocessing = 0;
		};
/* End PBXSourcesBuildPhase section */

/* Begin PBXTargetDependency section */
		32F70E491D12B7E1002DF8BA /* PBXTargetDependency */ = {
			isa = PBXTargetDependency;
			target = 32F70E321D12B7E1002DF8BA /* MovieCheckList */;
			targetProxy = 32F70E481D12B7E1002DF8BA /* PBXContainerItemProxy */;
		};
		32F70E541D12B7E1002DF8BA /* PBXTargetDependency */ = {
			isa = PBXTargetDependency;
			target = 32F70E321D12B7E1002DF8BA /* MovieCheckList */;
			targetProxy = 32F70E531D12B7E1002DF8BA /* PBXContainerItemProxy */;
		};
/* End PBXTargetDependency section */

/* Begin PBXVariantGroup section */
		32F70E3A1D12B7E1002DF8BA /* Main.storyboard */ = {
			isa = PBXVariantGroup;
			children = (
				32F70E3B1D12B7E1002DF8BA /* Base */,
			);
			name = Main.storyboard;
			sourceTree = "<group>";
		};
		32F70E3F1D12B7E1002DF8BA /* LaunchScreen.storyboard */ = {
			isa = PBXVariantGroup;
			children = (
				32F70E401D12B7E1002DF8BA /* Base */,
			);
			name = LaunchScreen.storyboard;
			sourceTree = "<group>";
		};
/* End PBXVariantGroup section */

/* Begin XCBuildConfiguration section */
		32F70E591D12B7E1002DF8BA /* Debug */ = {
			isa = XCBuildConfiguration;
			buildSettings = {
				ALWAYS_SEARCH_USER_PATHS = NO;
				CLANG_ANALYZER_NONNULL = YES;
				CLANG_CXX_LANGUAGE_STANDARD = "gnu++0x";
				CLANG_CXX_LIBRARY = "libc++";
				CLANG_ENABLE_MODULES = YES;
				CLANG_ENABLE_OBJC_ARC = YES;
				CLANG_WARN_BOOL_CONVERSION = YES;
				CLANG_WARN_CONSTANT_CONVERSION = YES;
				CLANG_WARN_DIRECT_OBJC_ISA_USAGE = YES_ERROR;
				CLANG_WARN_EMPTY_BODY = YES;
				CLANG_WARN_ENUM_CONVERSION = YES;
				CLANG_WARN_INFINITE_RECURSION = YES;
				CLANG_WARN_INT_CONVERSION = YES;
				CLANG_WARN_OBJC_ROOT_CLASS = YES_ERROR;
				CLANG_WARN_SUSPICIOUS_MOVE = YES;
				CLANG_WARN_UNREACHABLE_CODE = YES;
				CLANG_WARN__DUPLICATE_METHOD_MATCH = YES;
				"CODE_SIGN_IDENTITY[sdk=iphoneos*]" = "iPhone Developer";
				COPY_PHASE_STRIP = NO;
				DEBUG_INFORMATION_FORMAT = dwarf;
				ENABLE_STRICT_OBJC_MSGSEND = YES;
				ENABLE_TESTABILITY = YES;
				GCC_C_LANGUAGE_STANDARD = gnu99;
				GCC_DYNAMIC_NO_PIC = NO;
				GCC_NO_COMMON_BLOCKS = YES;
				GCC_OPTIMIZATION_LEVEL = 0;
				GCC_PREPROCESSOR_DEFINITIONS = (
					"DEBUG=1",
					"$(inherited)",
				);
				GCC_WARN_64_TO_32_BIT_CONVERSION = YES;
				GCC_WARN_ABOUT_RETURN_TYPE = YES_ERROR;
				GCC_WARN_UNDECLARED_SELECTOR = YES;
				GCC_WARN_UNINITIALIZED_AUTOS = YES_AGGRESSIVE;
				GCC_WARN_UNUSED_FUNCTION = YES;
				GCC_WARN_UNUSED_VARIABLE = YES;
				IPHONEOS_DEPLOYMENT_TARGET = 9.3;
				MTL_ENABLE_DEBUG_INFO = YES;
				ONLY_ACTIVE_ARCH = YES;
				SDKROOT = iphoneos;
				SWIFT_OPTIMIZATION_LEVEL = "-Onone";
				TARGETED_DEVICE_FAMILY = "1,2";
			};
			name = Debug;
		};
		32F70E5A1D12B7E1002DF8BA /* Release */ = {
			isa = XCBuildConfiguration;
			buildSettings = {
				ALWAYS_SEARCH_USER_PATHS = NO;
				CLANG_ANALYZER_NONNULL = YES;
				CLANG_CXX_LANGUAGE_STANDARD = "gnu++0x";
				CLANG_CXX_LIBRARY = "libc++";
				CLANG_ENABLE_MODULES = YES;
				CLANG_ENABLE_OBJC_ARC = YES;
				CLANG_WARN_BOOL_CONVERSION = YES;
				CLANG_WARN_CONSTANT_CONVERSION = YES;
				CLANG_WARN_DIRECT_OBJC_ISA_USAGE = YES_ERROR;
				CLANG_WARN_EMPTY_BODY = YES;
				CLANG_WARN_ENUM_CONVERSION = YES;
				CLANG_WARN_INFINITE_RECURSION = YES;
				CLANG_WARN_INT_CONVERSION = YES;
				CLANG_WARN_OBJC_ROOT_CLASS = YES_ERROR;
				CLANG_WARN_SUSPICIOUS_MOVE = YES;
				CLANG_WARN_UNREACHABLE_CODE = YES;
				CLANG_WARN__DUPLICATE_METHOD_MATCH = YES;
				"CODE_SIGN_IDENTITY[sdk=iphoneos*]" = "iPhone Developer";
				COPY_PHASE_STRIP = NO;
				DEBUG_INFORMATION_FORMAT = "dwarf-with-dsym";
				ENABLE_NS_ASSERTIONS = NO;
				ENABLE_STRICT_OBJC_MSGSEND = YES;
				GCC_C_LANGUAGE_STANDARD = gnu99;
				GCC_NO_COMMON_BLOCKS = YES;
				GCC_WARN_64_TO_32_BIT_CONVERSION = YES;
				GCC_WARN_ABOUT_RETURN_TYPE = YES_ERROR;
				GCC_WARN_UNDECLARED_SELECTOR = YES;
				GCC_WARN_UNINITIALIZED_AUTOS = YES_AGGRESSIVE;
				GCC_WARN_UNUSED_FUNCTION = YES;
				GCC_WARN_UNUSED_VARIABLE = YES;
				IPHONEOS_DEPLOYMENT_TARGET = 9.3;
				MTL_ENABLE_DEBUG_INFO = NO;
				SDKROOT = iphoneos;
				SWIFT_OPTIMIZATION_LEVEL = "-Owholemodule";
				TARGETED_DEVICE_FAMILY = "1,2";
				VALIDATE_PRODUCT = YES;
			};
			name = Release;
		};
		32F70E5C1D12B7E1002DF8BA /* Debug */ = {
			isa = XCBuildConfiguration;
			buildSettings = {
				ASSETCATALOG_COMPILER_APPICON_NAME = AppIcon;
				INFOPLIST_FILE = MovieCheckList/Info.plist;
				LD_RUNPATH_SEARCH_PATHS = "$(inherited) @executable_path/Frameworks";
				PRODUCT_BUNDLE_IDENTIFIER = com.rahath.MovieCheckList;
				PRODUCT_NAME = "$(TARGET_NAME)";
				SWIFT_VERSION = 3.0;
			};
			name = Debug;
		};
		32F70E5D1D12B7E1002DF8BA /* Release */ = {
			isa = XCBuildConfiguration;
			buildSettings = {
				ASSETCATALOG_COMPILER_APPICON_NAME = AppIcon;
				INFOPLIST_FILE = MovieCheckList/Info.plist;
				LD_RUNPATH_SEARCH_PATHS = "$(inherited) @executable_path/Frameworks";
				PRODUCT_BUNDLE_IDENTIFIER = com.rahath.MovieCheckList;
				PRODUCT_NAME = "$(TARGET_NAME)";
				SWIFT_VERSION = 3.0;
			};
			name = Release;
		};
		32F70E5F1D12B7E1002DF8BA /* Debug */ = {
			isa = XCBuildConfiguration;
			buildSettings = {
				BUNDLE_LOADER = "$(TEST_HOST)";
				INFOPLIST_FILE = MovieCheckListTests/Info.plist;
				LD_RUNPATH_SEARCH_PATHS = "$(inherited) @executable_path/Frameworks @loader_path/Frameworks";
				PRODUCT_BUNDLE_IDENTIFIER = com.rahath.MovieCheckListTests;
				PRODUCT_NAME = "$(TARGET_NAME)";
				SWIFT_VERSION = 3.0;
				TEST_HOST = "$(BUILT_PRODUCTS_DIR)/MovieCheckList.app/MovieCheckList";
			};
			name = Debug;
		};
		32F70E601D12B7E1002DF8BA /* Release */ = {
			isa = XCBuildConfiguration;
			buildSettings = {
				BUNDLE_LOADER = "$(TEST_HOST)";
				INFOPLIST_FILE = MovieCheckListTests/Info.plist;
				LD_RUNPATH_SEARCH_PATHS = "$(inherited) @executable_path/Frameworks @loader_path/Frameworks";
				PRODUCT_BUNDLE_IDENTIFIER = com.rahath.MovieCheckListTests;
				PRODUCT_NAME = "$(TARGET_NAME)";
				SWIFT_VERSION = 3.0;
				TEST_HOST = "$(BUILT_PRODUCTS_DIR)/MovieCheckList.app/MovieCheckList";
			};
			name = Release;
		};
		32F70E621D12B7E1002DF8BA /* Debug */ = {
			isa = XCBuildConfiguration;
			buildSettings = {
				INFOPLIST_FILE = MovieCheckListUITests/Info.plist;
				LD_RUNPATH_SEARCH_PATHS = "$(inherited) @executable_path/Frameworks @loader_path/Frameworks";
				PRODUCT_BUNDLE_IDENTIFIER = com.rahath.MovieCheckListUITests;
				PRODUCT_NAME = "$(TARGET_NAME)";
				SWIFT_VERSION = 3.0;
				TEST_TARGET_NAME = MovieCheckList;
			};
			name = Debug;
		};
		32F70E631D12B7E1002DF8BA /* Release */ = {
			isa = XCBuildConfiguration;
			buildSettings = {
				INFOPLIST_FILE = MovieCheckListUITests/Info.plist;
				LD_RUNPATH_SEARCH_PATHS = "$(inherited) @executable_path/Frameworks @loader_path/Frameworks";
				PRODUCT_BUNDLE_IDENTIFIER = com.rahath.MovieCheckListUITests;
				PRODUCT_NAME = "$(TARGET_NAME)";
				SWIFT_VERSION = 3.0;
				TEST_TARGET_NAME = MovieCheckList;
			};
			name = Release;
		};
/* End XCBuildConfiguration section */

/* Begin XCConfigurationList section */
		32F70E2E1D12B7E1002DF8BA /* Build configuration list for PBXProject "MovieCheckList" */ = {
			isa = XCConfigurationList;
			buildConfigurations = (
				32F70E591D12B7E1002DF8BA /* Debug */,
				32F70E5A1D12B7E1002DF8BA /* Release */,
			);
			defaultConfigurationIsVisible = 0;
			defaultConfigurationName = Release;
		};
		32F70E5B1D12B7E1002DF8BA /* Build configuration list for PBXNativeTarget "MovieCheckList" */ = {
			isa = XCConfigurationList;
			buildConfigurations = (
				32F70E5C1D12B7E1002DF8BA /* Debug */,
				32F70E5D1D12B7E1002DF8BA /* Release */,
			);
			defaultConfigurationIsVisible = 0;
			defaultConfigurationName = Release;
		};
		32F70E5E1D12B7E1002DF8BA /* Build configuration list for PBXNativeTarget "MovieCheckListTests" */ = {
			isa = XCConfigurationList;
			buildConfigurations = (
				32F70E5F1D12B7E1002DF8BA /* Debug */,
				32F70E601D12B7E1002DF8BA /* Release */,
			);
			defaultConfigurationIsVisible = 0;
			defaultConfigurationName = Release;
		};
		32F70E611D12B7E1002DF8BA /* Build configuration list for PBXNativeTarget "MovieCheckListUITests" */ = {
			isa = XCConfigurationList;
			buildConfigurations = (
				32F70E621D12B7E1002DF8BA /* Debug */,
				32F70E631D12B7E1002DF8BA /* Release */,
			);
			defaultConfigurationIsVisible = 0;
			defaultConfigurationName = Release;
		};
/* End XCConfigurationList section */

/* Begin XCVersionGroup section */
		320AB9371D4C546900142419 /* Model.xcdatamodeld */ = {
			isa = XCVersionGroup;
			children = (
				320AB9381D4C546900142419 /* Model.xcdatamodel */,
			);
			currentVersion = 320AB9381D4C546900142419 /* Model.xcdatamodel */;
			path = Model.xcdatamodeld;
			sourceTree = "<group>";
			versionGroupType = wrapper.xcdatamodel;
		};
/* End XCVersionGroup section */
	};
	rootObject = 32F70E2B1D12B7E1002DF8BA /* Project object */;
}
